// !$*UTF8*$!
{
	archiveVersion = 1;
	classes = {
	};
	objectVersion = 46;
	objects = {

/* Begin PBXBuildFile section */
		D0AE9FDA181D6575008351A6 /* Foundation.framework in Frameworks */ = {isa = PBXBuildFile; fileRef = D0AE9FD9181D6575008351A6 /* Foundation.framework */; };
		D0AE9FDC181D6575008351A6 /* CoreGraphics.framework in Frameworks */ = {isa = PBXBuildFile; fileRef = D0AE9FDB181D6575008351A6 /* CoreGraphics.framework */; };
		D0AE9FDE181D6575008351A6 /* UIKit.framework in Frameworks */ = {isa = PBXBuildFile; fileRef = D0AE9FDD181D6575008351A6 /* UIKit.framework */; };
		D0AE9FE4181D6575008351A6 /* InfoPlist.strings in Resources */ = {isa = PBXBuildFile; fileRef = D0AE9FE2181D6575008351A6 /* InfoPlist.strings */; };
		D0AE9FE6181D6575008351A6 /* main.m in Sources */ = {isa = PBXBuildFile; fileRef = D0AE9FE5181D6575008351A6 /* main.m */; };
		D0AE9FEA181D6575008351A6 /* NetraAppDelegate.m in Sources */ = {isa = PBXBuildFile; fileRef = D0AE9FE9181D6575008351A6 /* NetraAppDelegate.m */; };
		D0AE9FEC181D6575008351A6 /* Images.xcassets in Resources */ = {isa = PBXBuildFile; fileRef = D0AE9FEB181D6575008351A6 /* Images.xcassets */; };
		D0AE9FF3181D6576008351A6 /* XCTest.framework in Frameworks */ = {isa = PBXBuildFile; fileRef = D0AE9FF2181D6576008351A6 /* XCTest.framework */; };
		D0AE9FF4181D6576008351A6 /* Foundation.framework in Frameworks */ = {isa = PBXBuildFile; fileRef = D0AE9FD9181D6575008351A6 /* Foundation.framework */; };
		D0AE9FF5181D6576008351A6 /* UIKit.framework in Frameworks */ = {isa = PBXBuildFile; fileRef = D0AE9FDD181D6575008351A6 /* UIKit.framework */; };
		D0AE9FFD181D6576008351A6 /* InfoPlist.strings in Resources */ = {isa = PBXBuildFile; fileRef = D0AE9FFB181D6576008351A6 /* InfoPlist.strings */; };
		D0AE9FFF181D6576008351A6 /* NetraTests.m in Sources */ = {isa = PBXBuildFile; fileRef = D0AE9FFE181D6576008351A6 /* NetraTests.m */; };
/* End PBXBuildFile section */

/* Begin PBXContainerItemProxy section */
		D0AE9FF6181D6576008351A6 /* PBXContainerItemProxy */ = {
			isa = PBXContainerItemProxy;
			containerPortal = D0AE9FCE181D6575008351A6 /* Project object */;
			proxyType = 1;
			remoteGlobalIDString = D0AE9FD5181D6575008351A6;
			remoteInfo = Netra;
		};
/* End PBXContainerItemProxy section */

/* Begin PBXFileReference section */
		D0AE9FD6181D6575008351A6 /* Netra.app */ = {isa = PBXFileReference; explicitFileType = wrapper.application; includeInIndex = 0; path = Netra.app; sourceTree = BUILT_PRODUCTS_DIR; };
		D0AE9FD9181D6575008351A6 /* Foundation.framework */ = {isa = PBXFileReference; lastKnownFileType = wrapper.framework; name = Foundation.framework; path = System/Library/Frameworks/Foundation.framework; sourceTree = SDKROOT; };
		D0AE9FDB181D6575008351A6 /* CoreGraphics.framework */ = {isa = PBXFileReference; lastKnownFileType = wrapper.framework; name = CoreGraphics.framework; path = System/Library/Frameworks/CoreGraphics.framework; sourceTree = SDKROOT; };
		D0AE9FDD181D6575008351A6 /* UIKit.framework */ = {isa = PBXFileReference; lastKnownFileType = wrapper.framework; name = UIKit.framework; path = System/Library/Frameworks/UIKit.framework; sourceTree = SDKROOT; };
		D0AE9FE1181D6575008351A6 /* Netra-Info.plist */ = {isa = PBXFileReference; lastKnownFileType = text.plist.xml; path = "Netra-Info.plist"; sourceTree = "<group>"; };
		D0AE9FE3181D6575008351A6 /* en */ = {isa = PBXFileReference; lastKnownFileType = text.plist.strings; name = en; path = en.lproj/InfoPlist.strings; sourceTree = "<group>"; };
		D0AE9FE5181D6575008351A6 /* main.m */ = {isa = PBXFileReference; lastKnownFileType = sourcecode.c.objc; path = main.m; sourceTree = "<group>"; };
		D0AE9FE7181D6575008351A6 /* Netra-Prefix.pch */ = {isa = PBXFileReference; lastKnownFileType = sourcecode.c.h; path = "Netra-Prefix.pch"; sourceTree = "<group>"; };
		D0AE9FE8181D6575008351A6 /* NetraAppDelegate.h */ = {isa = PBXFileReference; lastKnownFileType = sourcecode.c.h; path = NetraAppDelegate.h; sourceTree = "<group>"; };
		D0AE9FE9181D6575008351A6 /* NetraAppDelegate.m */ = {isa = PBXFileReference; lastKnownFileType = sourcecode.c.objc; path = NetraAppDelegate.m; sourceTree = "<group>"; };
		D0AE9FEB181D6575008351A6 /* Images.xcassets */ = {isa = PBXFileReference; lastKnownFileType = folder.assetcatalog; path = Images.xcassets; sourceTree = "<group>"; };
		D0AE9FF1181D6576008351A6 /* NetraTests.xctest */ = {isa = PBXFileReference; explicitFileType = wrapper.cfbundle; includeInIndex = 0; path = NetraTests.xctest; sourceTree = BUILT_PRODUCTS_DIR; };
		D0AE9FF2181D6576008351A6 /* XCTest.framework */ = {isa = PBXFileReference; lastKnownFileType = wrapper.framework; name = XCTest.framework; path = Library/Frameworks/XCTest.framework; sourceTree = DEVELOPER_DIR; };
		D0AE9FFA181D6576008351A6 /* NetraTests-Info.plist */ = {isa = PBXFileReference; lastKnownFileType = text.plist.xml; path = "NetraTests-Info.plist"; sourceTree = "<group>"; };
		D0AE9FFC181D6576008351A6 /* en */ = {isa = PBXFileReference; lastKnownFileType = text.plist.strings; name = en; path = en.lproj/InfoPlist.strings; sourceTree = "<group>"; };
		D0AE9FFE181D6576008351A6 /* NetraTests.m */ = {isa = PBXFileReference; lastKnownFileType = sourcecode.c.objc; path = NetraTests.m; sourceTree = "<group>"; };
/* End PBXFileReference section */

/* Begin PBXFrameworksBuildPhase section */
		D0AE9FD3181D6575008351A6 /* Frameworks */ = {
			isa = PBXFrameworksBuildPhase;
			buildActionMask = 2147483647;
			files = (
				D0AE9FDC181D6575008351A6 /* CoreGraphics.framework in Frameworks */,
				D0AE9FDE181D6575008351A6 /* UIKit.framework in Frameworks */,
				D0AE9FDA181D6575008351A6 /* Foundation.framework in Frameworks */,
			);
			runOnlyForDeploymentPostprocessing = 0;
		};
		D0AE9FEE181D6576008351A6 /* Frameworks */ = {
			isa = PBXFrameworksBuildPhase;
			buildActionMask = 2147483647;
			files = (
				D0AE9FF3181D6576008351A6 /* XCTest.framework in Frameworks */,
				D0AE9FF5181D6576008351A6 /* UIKit.framework in Frameworks */,
				D0AE9FF4181D6576008351A6 /* Foundation.framework in Frameworks */,
			);
			runOnlyForDeploymentPostprocessing = 0;
		};
/* End PBXFrameworksBuildPhase section */

/* Begin PBXGroup section */
		D0AE9FCD181D6575008351A6 = {
			isa = PBXGroup;
			children = (
				D0AE9FDF181D6575008351A6 /* Netra */,
				D0AE9FF8181D6576008351A6 /* NetraTests */,
				D0AE9FD8181D6575008351A6 /* Frameworks */,
				D0AE9FD7181D6575008351A6 /* Products */,
			);
			sourceTree = "<group>";
		};
		D0AE9FD7181D6575008351A6 /* Products */ = {
			isa = PBXGroup;
			children = (
				D0AE9FD6181D6575008351A6 /* Netra.app */,
				D0AE9FF1181D6576008351A6 /* NetraTests.xctest */,
			);
			name = Products;
			sourceTree = "<group>";
		};
		D0AE9FD8181D6575008351A6 /* Frameworks */ = {
			isa = PBXGroup;
			children = (
				D0AE9FD9181D6575008351A6 /* Foundation.framework */,
				D0AE9FDB181D6575008351A6 /* CoreGraphics.framework */,
				D0AE9FDD181D6575008351A6 /* UIKit.framework */,
				D0AE9FF2181D6576008351A6 /* XCTest.framework */,
			);
			name = Frameworks;
			sourceTree = "<group>";
		};
		D0AE9FDF181D6575008351A6 /* Netra */ = {
			isa = PBXGroup;
			children = (
				D0AE9FE8181D6575008351A6 /* NetraAppDelegate.h */,
				D0AE9FE9181D6575008351A6 /* NetraAppDelegate.m */,
				D0AE9FEB181D6575008351A6 /* Images.xcassets */,
				D0AE9FE0181D6575008351A6 /* Supporting Files */,
			);
			path = Netra;
			sourceTree = "<group>";
		};
		D0AE9FE0181D6575008351A6 /* Supporting Files */ = {
			isa = PBXGroup;
			children = (
				D0AE9FE1181D6575008351A6 /* Netra-Info.plist */,
				D0AE9FE2181D6575008351A6 /* InfoPlist.strings */,
				D0AE9FE5181D6575008351A6 /* main.m */,
				D0AE9FE7181D6575008351A6 /* Netra-Prefix.pch */,
			);
			name = "Supporting Files";
			sourceTree = "<group>";
		};
		D0AE9FF8181D6576008351A6 /* NetraTests */ = {
			isa = PBXGroup;
			children = (
				D0AE9FFE181D6576008351A6 /* NetraTests.m */,
				D0AE9FF9181D6576008351A6 /* Supporting Files */,
			);
			path = NetraTests;
			sourceTree = "<group>";
		};
		D0AE9FF9181D6576008351A6 /* Supporting Files */ = {
			isa = PBXGroup;
			children = (
				D0AE9FFA181D6576008351A6 /* NetraTests-Info.plist */,
				D0AE9FFB181D6576008351A6 /* InfoPlist.strings */,
			);
			name = "Supporting Files";
			sourceTree = "<group>";
		};
/* End PBXGroup section */

/* Begin PBXNativeTarget section */
		D0AE9FD5181D6575008351A6 /* Netra */ = {
			isa = PBXNativeTarget;
			buildConfigurationList = D0AEA002181D6576008351A6 /* Build configuration list for PBXNativeTarget "Netra" */;
			buildPhases = (
				D0AE9FD2181D6575008351A6 /* Sources */,
				D0AE9FD3181D6575008351A6 /* Frameworks */,
				D0AE9FD4181D6575008351A6 /* Resources */,
			);
			buildRules = (
			);
			dependencies = (
			);
			name = Netra;
			productName = Netra;
			productReference = D0AE9FD6181D6575008351A6 /* Netra.app */;
			productType = "com.apple.product-type.application";
		};
		D0AE9FF0181D6576008351A6 /* NetraTests */ = {
			isa = PBXNativeTarget;
			buildConfigurationList = D0AEA005181D6576008351A6 /* Build configuration list for PBXNativeTarget "NetraTests" */;
			buildPhases = (
				D0AE9FED181D6576008351A6 /* Sources */,
				D0AE9FEE181D6576008351A6 /* Frameworks */,
				D0AE9FEF181D6576008351A6 /* Resources */,
			);
			buildRules = (
			);
			dependencies = (
				D0AE9FF7181D6576008351A6 /* PBXTargetDependency */,
			);
			name = NetraTests;
			productName = NetraTests;
			productReference = D0AE9FF1181D6576008351A6 /* NetraTests.xctest */;
			productType = "com.apple.product-type.bundle.unit-test";
		};
/* End PBXNativeTarget section */

/* Begin PBXProject section */
		D0AE9FCE181D6575008351A6 /* Project object */ = {
			isa = PBXProject;
			attributes = {
				CLASSPREFIX = Netra;
				LastUpgradeCheck = 0500;
				ORGANIZATIONNAME = netra;
				TargetAttributes = {
					D0AE9FF0181D6576008351A6 = {
						TestTargetID = D0AE9FD5181D6575008351A6;
					};
				};
			};
			buildConfigurationList = D0AE9FD1181D6575008351A6 /* Build configuration list for PBXProject "Netra" */;
			compatibilityVersion = "Xcode 3.2";
			developmentRegion = English;
			hasScannedForEncodings = 0;
			knownRegions = (
				en,
			);
			mainGroup = D0AE9FCD181D6575008351A6;
			productRefGroup = D0AE9FD7181D6575008351A6 /* Products */;
			projectDirPath = "";
			projectRoot = "";
			targets = (
				D0AE9FD5181D6575008351A6 /* Netra */,
				D0AE9FF0181D6576008351A6 /* NetraTests */,
			);
		};
/* End PBXProject section */

/* Begin PBXResourcesBuildPhase section */
		D0AE9FD4181D6575008351A6 /* Resources */ = {
			isa = PBXResourcesBuildPhase;
			buildActionMask = 2147483647;
			files = (
				D0AE9FE4181D6575008351A6 /* InfoPlist.strings in Resources */,
				D0AE9FEC181D6575008351A6 /* Images.xcassets in Resources */,
			);
			runOnlyForDeploymentPostprocessing = 0;
		};
		D0AE9FEF181D6576008351A6 /* Resources */ = {
			isa = PBXResourcesBuildPhase;
			buildActionMask = 2147483647;
			files = (
				D0AE9FFD181D6576008351A6 /* InfoPlist.strings in Resources */,
			);
			runOnlyForDeploymentPostprocessing = 0;
		};
/* End PBXResourcesBuildPhase section */

/* Begin PBXSourcesBuildPhase section */
		D0AE9FD2181D6575008351A6 /* Sources */ = {
			isa = PBXSourcesBuildPhase;
			buildActionMask = 2147483647;
			files = (
				D0AE9FE6181D6575008351A6 /* main.m in Sources */,
				D0AE9FEA181D6575008351A6 /* NetraAppDelegate.m in Sources */,
			);
			runOnlyForDeploymentPostprocessing = 0;
		};
		D0AE9FED181D6576008351A6 /* Sources */ = {
			isa = PBXSourcesBuildPhase;
			buildActionMask = 2147483647;
			files = (
				D0AE9FFF181D6576008351A6 /* NetraTests.m in Sources */,
			);
			runOnlyForDeploymentPostprocessing = 0;
		};
/* End PBXSourcesBuildPhase section */

/* Begin PBXTargetDependency section */
		D0AE9FF7181D6576008351A6 /* PBXTargetDependency */ = {
			isa = PBXTargetDependency;
			target = D0AE9FD5181D6575008351A6 /* Netra */;
			targetProxy = D0AE9FF6181D6576008351A6 /* PBXContainerItemProxy */;
		};
/* End PBXTargetDependency section */

/* Begin PBXVariantGroup section */
		D0AE9FE2181D6575008351A6 /* InfoPlist.strings */ = {
			isa = PBXVariantGroup;
			children = (
				D0AE9FE3181D6575008351A6 /* en */,
			);
			name = InfoPlist.strings;
			sourceTree = "<group>";
		};
		D0AE9FFB181D6576008351A6 /* InfoPlist.strings */ = {
			isa = PBXVariantGroup;
			children = (
				D0AE9FFC181D6576008351A6 /* en */,
			);
			name = InfoPlist.strings;
			sourceTree = "<group>";
		};
/* End PBXVariantGroup section */

/* Begin XCBuildConfiguration section */
		D0AEA000181D6576008351A6 /* Debug */ = {
			isa = XCBuildConfiguration;
			buildSettings = {
				ALWAYS_SEARCH_USER_PATHS = NO;
				ARCHS = "$(ARCHS_STANDARD_INCLUDING_64_BIT)";
				CLANG_CXX_LANGUAGE_STANDARD = "gnu++0x";
				CLANG_CXX_LIBRARY = "libc++";
				CLANG_ENABLE_MODULES = YES;
				CLANG_ENABLE_OBJC_ARC = YES;
				CLANG_WARN_BOOL_CONVERSION = YES;
				CLANG_WARN_CONSTANT_CONVERSION = YES;
				CLANG_WARN_DIRECT_OBJC_ISA_USAGE = YES_ERROR;
				CLANG_WARN_EMPTY_BODY = YES;
				CLANG_WARN_ENUM_CONVERSION = YES;
				CLANG_WARN_INT_CONVERSION = YES;
				CLANG_WARN_OBJC_ROOT_CLASS = YES_ERROR;
				CLANG_WARN__DUPLICATE_METHOD_MATCH = YES;
				"CODE_SIGN_IDENTITY[sdk=iphoneos*]" = "iPhone Developer";
				COPY_PHASE_STRIP = NO;
				GCC_C_LANGUAGE_STANDARD = gnu99;
				GCC_DYNAMIC_NO_PIC = NO;
				GCC_OPTIMIZATION_LEVEL = 0;
				GCC_PREPROCESSOR_DEFINITIONS = (
					"DEBUG=1",
					"$(inherited)",
				);
				GCC_SYMBOLS_PRIVATE_EXTERN = NO;
				GCC_WARN_64_TO_32_BIT_CONVERSION = YES;
				GCC_WARN_ABOUT_RETURN_TYPE = YES_ERROR;
				GCC_WARN_UNDECLARED_SELECTOR = YES;
				GCC_WARN_UNINITIALIZED_AUTOS = YES;
				GCC_WARN_UNUSED_FUNCTION = YES;
				GCC_WARN_UNUSED_VARIABLE = YES;
				IPHONEOS_DEPLOYMENT_TARGET = 7.0;
				ONLY_ACTIVE_ARCH = YES;
				SDKROOT = iphoneos;
			};
			name = Debug;
		};
		D0AEA001181D6576008351A6 /* Release */ = {
			isa = XCBuildConfiguration;
			buildSettings = {
				ALWAYS_SEARCH_USER_PATHS = NO;
				ARCHS = "$(ARCHS_STANDARD_INCLUDING_64_BIT)";
				CLANG_CXX_LANGUAGE_STANDARD = "gnu++0x";
				CLANG_CXX_LIBRARY = "libc++";
				CLANG_ENABLE_MODULES = YES;
				CLANG_ENABLE_OBJC_ARC = YES;
				CLANG_WARN_BOOL_CONVERSION = YES;
				CLANG_WARN_CONSTANT_CONVERSION = YES;
				CLANG_WARN_DIRECT_OBJC_ISA_USAGE = YES_ERROR;
				CLANG_WARN_EMPTY_BODY = YES;
				CLANG_WARN_ENUM_CONVERSION = YES;
				CLANG_WARN_INT_CONVERSION = YES;
				CLANG_WARN_OBJC_ROOT_CLASS = YES_ERROR;
				CLANG_WARN__DUPLICATE_METHOD_MATCH = YES;
				"CODE_SIGN_IDENTITY[sdk=iphoneos*]" = "iPhone Developer";
				COPY_PHASE_STRIP = YES;
				ENABLE_NS_ASSERTIONS = NO;
				GCC_C_LANGUAGE_STANDARD = gnu99;
				GCC_WARN_64_TO_32_BIT_CONVERSION = YES;
				GCC_WARN_ABOUT_RETURN_TYPE = YES_ERROR;
				GCC_WARN_UNDECLARED_SELECTOR = YES;
				GCC_WARN_UNINITIALIZED_AUTOS = YES;
				GCC_WARN_UNUSED_FUNCTION = YES;
				GCC_WARN_UNUSED_VARIABLE = YES;
				IPHONEOS_DEPLOYMENT_TARGET = 7.0;
				SDKROOT = iphoneos;
				VALIDATE_PRODUCT = YES;
			};
			name = Release;
		};
		D0AEA003181D6576008351A6 /* Debug */ = {
			isa = XCBuildConfiguration;
			buildSettings = {
				ASSETCATALOG_COMPILER_APPICON_NAME = AppIcon;
				ASSETCATALOG_COMPILER_LAUNCHIMAGE_NAME = LaunchImage;
				GCC_PRECOMPILE_PREFIX_HEADER = YES;
				GCC_PREFIX_HEADER = "Netra/Netra-Prefix.pch";
				INFOPLIST_FILE = "Netra/Netra-Info.plist";
				PRODUCT_NAME = "$(TARGET_NAME)";
				WRAPPER_EXTENSION = app;
			};
			name = Debug;
		};
		D0AEA004181D6576008351A6 /* Release */ = {
			isa = XCBuildConfiguration;
			buildSettings = {
				ASSETCATALOG_COMPILER_APPICON_NAME = AppIcon;
				ASSETCATALOG_COMPILER_LAUNCHIMAGE_NAME = LaunchImage;
				GCC_PRECOMPILE_PREFIX_HEADER = YES;
				GCC_PREFIX_HEADER = "Netra/Netra-Prefix.pch";
				INFOPLIST_FILE = "Netra/Netra-Info.plist";
				PRODUCT_NAME = "$(TARGET_NAME)";
				WRAPPER_EXTENSION = app;
			};
			name = Release;
		};
		D0AEA006181D6576008351A6 /* Debug */ = {
			isa = XCBuildConfiguration;
			buildSettings = {
				ARCHS = "$(ARCHS_STANDARD_INCLUDING_64_BIT)";
				BUNDLE_LOADER = "$(BUILT_PRODUCTS_DIR)/Netra.app/Netra";
				FRAMEWORK_SEARCH_PATHS = (
					"$(SDKROOT)/Developer/Library/Frameworks",
					"$(inherited)",
					"$(DEVELOPER_FRAMEWORKS_DIR)",
				);
				GCC_PRECOMPILE_PREFIX_HEADER = YES;
				GCC_PREFIX_HEADER = "Netra/Netra-Prefix.pch";
				GCC_PREPROCESSOR_DEFINITIONS = (
					"DEBUG=1",
					"$(inherited)",
				);
				INFOPLIST_FILE = "NetraTests/NetraTests-Info.plist";
				PRODUCT_NAME = "$(TARGET_NAME)";
				TEST_HOST = "$(BUNDLE_LOADER)";
				WRAPPER_EXTENSION = xctest;
			};
			name = Debug;
		};
		D0AEA007181D6576008351A6 /* Release */ = {
			isa = XCBuildConfiguration;
			buildSettings = {
				ARCHS = "$(ARCHS_STANDARD_INCLUDING_64_BIT)";
				BUNDLE_LOADER = "$(BUILT_PRODUCTS_DIR)/Netra.app/Netra";
				FRAMEWORK_SEARCH_PATHS = (
					"$(SDKROOT)/Developer/Library/Frameworks",
					"$(inherited)",
					"$(DEVELOPER_FRAMEWORKS_DIR)",
				);
				GCC_PRECOMPILE_PREFIX_HEADER = YES;
				GCC_PREFIX_HEADER = "Netra/Netra-Prefix.pch";
				INFOPLIST_FILE = "NetraTests/NetraTests-Info.plist";
				PRODUCT_NAME = "$(TARGET_NAME)";
				TEST_HOST = "$(BUNDLE_LOADER)";
				WRAPPER_EXTENSION = xctest;
			};
			name = Release;
		};
/* End XCBuildConfiguration section */

/* Begin XCConfigurationList section */
		D0AE9FD1181D6575008351A6 /* Build configuration list for PBXProject "Netra" */ = {
			isa = XCConfigurationList;
			buildConfigurations = (
				D0AEA000181D6576008351A6 /* Debug */,
				D0AEA001181D6576008351A6 /* Release */,
			);
			defaultConfigurationIsVisible = 0;
			defaultConfigurationName = Release;
		};
		D0AEA002181D6576008351A6 /* Build configuration list for PBXNativeTarget "Netra" */ = {
			isa = XCConfigurationList;
			buildConfigurations = (
				D0AEA003181D6576008351A6 /* Debug */,
				D0AEA004181D6576008351A6 /* Release */,
			);
			defaultConfigurationIsVisible = 0;
		};
		D0AEA005181D6576008351A6 /* Build configuration list for PBXNativeTarget "NetraTests" */ = {
			isa = XCConfigurationList;
			buildConfigurations = (
				D0AEA006181D6576008351A6 /* Debug */,
				D0AEA007181D6576008351A6 /* Release */,
			);
			defaultConfigurationIsVisible = 0;
		};
/* End XCConfigurationList section */
	};
	rootObject = D0AE9FCE181D6575008351A6 /* Project object */;
}
